
Microsoft Visual Studio Solution File, Format Version 12.00
# Visual Studio Version 17
VisualStudioVersion = 17.0.31903.59
MinimumVisualStudioVersion = 10.0.40219.1
Project("{9A19103F-16F7-4668-BE54-9A1E7A4F7556}") = "ListingPerformanceBenchmark", "src\ListingPerformanceBenchmark\ListingPerformanceBenchmark.csproj", "{0C98E760-34C0-4B29-930F-69841DA68A0E}"
EndProject
Project("{9A19103F-16F7-4668-BE54-9A1E7A4F7556}") = "ListingPerformanceBenchmark.Test", "tests\ListingPerformanceBenchmark.Test\ListingPerformanceBenchmark.Test.csproj", "{8E74803A-4494-4A19-B87F-E23FFC2146E3}"
EndProject
Global
	GlobalSection(SolutionConfigurationPlatforms) = preSolution
		Debug|Any CPU = Debug|Any CPU
		Release|Any CPU = Release|Any CPU
	EndGlobalSection
	GlobalSection(ProjectConfigurationPlatforms) = postSolution
		{0C98E760-34C0-4B29-930F-69841DA68A0E}.Debug|Any CPU.ActiveCfg = Debug|Any CPU
		{0C98E760-34C0-4B29-930F-69841DA68A0E}.Debug|Any CPU.Build.0 = Debug|Any CPU
		{0C98E760-34C0-4B29-930F-69841DA68A0E}.Release|Any CPU.ActiveCfg = Release|Any CPU
		{0C98E760-34C0-4B29-930F-69841DA68A0E}.Release|Any CPU.Build.0 = Release|Any CPU
		{8E74803A-4494-4A19-B87F-E23FFC2146E3}.Debug|Any CPU.ActiveCfg = Debug|Any CPU
		{8E74803A-4494-4A19-B87F-E23FFC2146E3}.Debug|Any CPU.Build.0 = Debug|Any CPU
		{8E74803A-4494-4A19-B87F-E23FFC2146E3}.Release|Any CPU.ActiveCfg = Release|Any CPU
		{8E74803A-4494-4A19-B87F-E23FFC2146E3}.Release|Any CPU.Build.0 = Release|Any CPU
	EndGlobalSection
	GlobalSection(SolutionProperties) = preSolution
		HideSolutionNode = FALSE
	EndGlobalSection
	GlobalSection(ExtensibilityGlobals) = postSolution
		SolutionGuid = {51E00F6C-813B-4312-8CFD-0987B4497ED9}
	EndGlobalSection
EndGlobal
